
Microsoft Visual Studio Solution File, Format Version 12.00
# Visual Studio Version 17
VisualStudioVersion = 17.8.34525.116
MinimumVisualStudioVersion = 10.0.40219.1
Project("{FAE04EC0-301F-11D3-BF4B-00C04F79EFBC}") = "PalworldInjector", "PalworldInjector\PalworldInjector.csproj", "{FDC80281-8D9A-4E3C-8A3D-13F0DEE7FC5E}"
EndProject
Global
	GlobalSection(SolutionConfigurationPlatforms) = preSolution
		Debug|Any CPU = Debug|Any CPU
		Release|Any CPU = Release|Any CPU
	EndGlobalSection
	GlobalSection(ProjectConfigurationPlatforms) = postSolution
		{FDC80281-8D9A-4E3C-8A3D-13F0DEE7FC5E}.Debug|Any CPU.ActiveCfg = Debug|Any CPU
		{FDC80281-8D9A-4E3C-8A3D-13F0DEE7FC5E}.Debug|Any CPU.Build.0 = Debug|Any CPU
		{FDC80281-8D9A-4E3C-8A3D-13F0DEE7FC5E}.Release|Any CPU.ActiveCfg = Release|Any CPU
		{FDC80281-8D9A-4E3C-8A3D-13F0DEE7FC5E}.Release|Any CPU.Build.0 = Release|Any CPU
	EndGlobalSection
	GlobalSection(SolutionProperties) = preSolution
		HideSolutionNode = FALSE
	EndGlobalSection
	GlobalSection(ExtensibilityGlobals) = postSolution
		SolutionGuid = {0D55EE3C-F7AD-4B05-83FC-AD37922C6A3D}
	EndGlobalSection
EndGlobal
